{
  "name": "TypeScript_Programming",
  "lockfileVersion": 3,
  "requires": true,
  "packages": {
    "": {
      "devDependencies": {
        "typescript": "^5.7.0-dev.20241008"
      }
    },
    "node_modules/typescript": {
      "version": "5.7.0-dev.20241008",
      "resolved": "https://registry.npmjs.org/typescript/-/typescript-5.7.0-dev.20241008.tgz",
      "integrity": "sha512-FZzeU/lVGUgdl8+Rl2MChV2+eD0ZciK1LuVeoL8+P8ePsJjduRhGrWGRBHvy5KQOhZpxm0QdjrcnGkGDQEphvQ==",
      "dev": true,
      "bin": {
        "tsc": "bin/tsc",
        "tsserver": "bin/tsserver"
      },
      "engines": {
        "node": ">=14.17"
      }
    }
  }
}
